
Microsoft Visual Studio Solution File, Format Version 12.00
# Visual Studio Version 17
VisualStudioVersion = 17.3.32929.385
MinimumVisualStudioVersion = 10.0.40219.1
Project("{FAE04EC0-301F-11D3-BF4B-00C04F79EFBC}") = "PlasmanShovels", "PlasmanShovels.csproj", "{8AC6EAF2-C0A7-4A4C-8FDF-75DF0BF85778}"
EndProject
Global
	GlobalSection(SolutionConfigurationPlatforms) = preSolution
		Debug|Any CPU = Debug|Any CPU
		Release|Any CPU = Release|Any CPU
	EndGlobalSection
	GlobalSection(ProjectConfigurationPlatforms) = postSolution
		{8AC6EAF2-C0A7-4A4C-8FDF-75DF0BF85778}.Debug|Any CPU.ActiveCfg = Debug|Any CPU
		{8AC6EAF2-C0A7-4A4C-8FDF-75DF0BF85778}.Debug|Any CPU.Build.0 = Debug|Any CPU
		{8AC6EAF2-C0A7-4A4C-8FDF-75DF0BF85778}.Release|Any CPU.ActiveCfg = Release|Any CPU
		{8AC6EAF2-C0A7-4A4C-8FDF-75DF0BF85778}.Release|Any CPU.Build.0 = Release|Any CPU
	EndGlobalSection
	GlobalSection(SolutionProperties) = preSolution
		HideSolutionNode = FALSE
	EndGlobalSection
	GlobalSection(ExtensibilityGlobals) = postSolution
		SolutionGuid = {37EF565A-255A-4F4A-999F-3DFE3215D6DE}
	EndGlobalSection
EndGlobal
